// !$*UTF8*$!
{
	archiveVersion = 1;
	classes = {
	};
	objectVersion = 46;
	objects = {

/* Begin PBXBuildFile section */
		FB47A0AD16C53E5D00E47674 /* MSxmas.jpg in Resources */ = {isa = PBXBuildFile; fileRef = FB47A0AC16C53E5D00E47674 /* MSxmas.jpg */; };
		FB47A0B016C5402E00E47674 /* MScave.jpg in Resources */ = {isa = PBXBuildFile; fileRef = FB47A0AF16C5402E00E47674 /* MScave.jpg */; };
		FBBB845616BD35B90091BB47 /* GameObjectView.m in Sources */ = {isa = PBXBuildFile; fileRef = FBBB845516BD35B80091BB47 /* GameObjectView.m */; };
		FBBB845A16BD62340091BB47 /* PigView.m in Sources */ = {isa = PBXBuildFile; fileRef = FBBB845916BD62340091BB47 /* PigView.m */; };
		FBBB845D16BD62C90091BB47 /* WolfView.m in Sources */ = {isa = PBXBuildFile; fileRef = FBBB845C16BD62C90091BB47 /* WolfView.m */; };
		FBBB846016BD62D40091BB47 /* BlockView.m in Sources */ = {isa = PBXBuildFile; fileRef = FBBB845F16BD62D40091BB47 /* BlockView.m */; };
		FBBB846A16BD710F0091BB47 /* peashooter.png in Resources */ = {isa = PBXBuildFile; fileRef = FBBB846916BD710F0091BB47 /* peashooter.png */; };
		FBBB846D16BD7EFA0091BB47 /* DeveloperSettings.m in Sources */ = {isa = PBXBuildFile; fileRef = FBBB846C16BD7EFA0091BB47 /* DeveloperSettings.m */; };
		FBBE15E016E0AFDA00E16F7A /* PlaySceneController.m in Sources */ = {isa = PBXBuildFile; fileRef = FBBE15DF16E0AFDA00E16F7A /* PlaySceneController.m */; };
		FBCF234F16B64CB700217BDA /* UIKit.framework in Frameworks */ = {isa = PBXBuildFile; fileRef = FBCF234E16B64CB700217BDA /* UIKit.framework */; };
		FBCF235116B64CB700217BDA /* Foundation.framework in Frameworks */ = {isa = PBXBuildFile; fileRef = FBCF235016B64CB700217BDA /* Foundation.framework */; };
		FBCF235316B64CB700217BDA /* CoreGraphics.framework in Frameworks */ = {isa = PBXBuildFile; fileRef = FBCF235216B64CB700217BDA /* CoreGraphics.framework */; };
		FBCF235916B64CB700217BDA /* InfoPlist.strings in Resources */ = {isa = PBXBuildFile; fileRef = FBCF235716B64CB700217BDA /* InfoPlist.strings */; };
		FBCF235B16B64CB700217BDA /* main.m in Sources */ = {isa = PBXBuildFile; fileRef = FBCF235A16B64CB700217BDA /* main.m */; };
		FBCF235F16B64CB700217BDA /* AppDelegate.m in Sources */ = {isa = PBXBuildFile; fileRef = FBCF235E16B64CB700217BDA /* AppDelegate.m */; };
		FBCF236116B64CB700217BDA /* Default.png in Resources */ = {isa = PBXBuildFile; fileRef = FBCF236016B64CB700217BDA /* Default.png */; };
		FBCF236316B64CB700217BDA /* Default@2x.png in Resources */ = {isa = PBXBuildFile; fileRef = FBCF236216B64CB700217BDA /* Default@2x.png */; };
		FBCF236516B64CB700217BDA /* Default-568h@2x.png in Resources */ = {isa = PBXBuildFile; fileRef = FBCF236416B64CB700217BDA /* Default-568h@2x.png */; };
		FBCF236816B64CB700217BDA /* MainStoryboard.storyboard in Resources */ = {isa = PBXBuildFile; fileRef = FBCF236616B64CB700217BDA /* MainStoryboard.storyboard */; };
		FBCF236B16B64CB700217BDA /* ViewController.m in Sources */ = {isa = PBXBuildFile; fileRef = FBCF236A16B64CB700217BDA /* ViewController.m */; };
		FBCF237316B6545200217BDA /* background.png in Resources */ = {isa = PBXBuildFile; fileRef = FBCF237116B6545200217BDA /* background.png */; };
		FBCF237416B6545200217BDA /* ground.png in Resources */ = {isa = PBXBuildFile; fileRef = FBCF237216B6545200217BDA /* ground.png */; };
		FBCF237B16B66DFC00217BDA /* iron.png in Resources */ = {isa = PBXBuildFile; fileRef = FBCF237516B66DFC00217BDA /* iron.png */; };
		FBCF237C16B66DFC00217BDA /* pig.png in Resources */ = {isa = PBXBuildFile; fileRef = FBCF237616B66DFC00217BDA /* pig.png */; };
		FBCF237D16B66DFC00217BDA /* stone.png in Resources */ = {isa = PBXBuildFile; fileRef = FBCF237716B66DFC00217BDA /* stone.png */; };
		FBCF237E16B66DFC00217BDA /* straw.png in Resources */ = {isa = PBXBuildFile; fileRef = FBCF237816B66DFC00217BDA /* straw.png */; };
		FBCF237F16B66DFC00217BDA /* wolfs.png in Resources */ = {isa = PBXBuildFile; fileRef = FBCF237916B66DFC00217BDA /* wolfs.png */; };
		FBCF238016B66DFC00217BDA /* wood.png in Resources */ = {isa = PBXBuildFile; fileRef = FBCF237A16B66DFC00217BDA /* wood.png */; };
		FBE3727516BE281600940FB3 /* circle.jpg in Resources */ = {isa = PBXBuildFile; fileRef = FBE3727416BE281600940FB3 /* circle.jpg */; };
		FBE3727816BE575200940FB3 /* GameObject.m in Sources */ = {isa = PBXBuildFile; fileRef = FBE3727716BE575200940FB3 /* GameObject.m */; };
		FBE3727B16BE577D00940FB3 /* GamePig.m in Sources */ = {isa = PBXBuildFile; fileRef = FBE3727A16BE577D00940FB3 /* GamePig.m */; };
		FBE3727E16BE578A00940FB3 /* GameWolf.m in Sources */ = {isa = PBXBuildFile; fileRef = FBE3727D16BE578A00940FB3 /* GameWolf.m */; };
		FBE3728116BE579B00940FB3 /* GameBlock.m in Sources */ = {isa = PBXBuildFile; fileRef = FBE3728016BE579B00940FB3 /* GameBlock.m */; };
		FBE38AA316BF834E008E18A0 /* UIView+ExploreViewHierarchy.m in Sources */ = {isa = PBXBuildFile; fileRef = FBE38AA216BF834C008E18A0 /* UIView+ExploreViewHierarchy.m */; };
		FBE6A27916E1DFE000FEF566 /* QuartzCore.framework in Frameworks */ = {isa = PBXBuildFile; fileRef = FBE6A27816E1DFE000FEF566 /* QuartzCore.framework */; };
		FBE6A27C16E1E02600FEF566 /* ImageIO.framework in Frameworks */ = {isa = PBXBuildFile; fileRef = FBE6A27B16E1E02600FEF566 /* ImageIO.framework */; };
		FBE6A2AF16E1E30800FEF566 /* libChipmunkPro-iPhone.a in Frameworks */ = {isa = PBXBuildFile; fileRef = FBE6A2AD16E1E30800FEF566 /* libChipmunkPro-iPhone.a */; };
		FBE6A2B416E1E66D00FEF566 /* DeveloperSettings.h in Sources */ = {isa = PBXBuildFile; fileRef = FBBB846B16BD7EF90091BB47 /* DeveloperSettings.h */; };
		FBE6A2B716E1E7CB00FEF566 /* PigPlayController.m in Sources */ = {isa = PBXBuildFile; fileRef = FBE6A2B616E1E7CB00FEF566 /* PigPlayController.m */; };
		FBE6A2BE16E2093900FEF566 /* MyMath.m in Sources */ = {isa = PBXBuildFile; fileRef = FBE6A2BD16E2093800FEF566 /* MyMath.m */; };
		FBE6A2C116E22DB200FEF566 /* WolfPlayController.m in Sources */ = {isa = PBXBuildFile; fileRef = FBE6A2C016E22DB200FEF566 /* WolfPlayController.m */; };
		FBE6A2C416E2347000FEF566 /* BlockPlayController.m in Sources */ = {isa = PBXBuildFile; fileRef = FBE6A2C316E2346F00FEF566 /* BlockPlayController.m */; };
		FBE6A2C616E250D200FEF566 /* windblow.png in Resources */ = {isa = PBXBuildFile; fileRef = FBE6A2C516E250D200FEF566 /* windblow.png */; };
		FBE6A2C916E252E300FEF566 /* WindBlowController.m in Sources */ = {isa = PBXBuildFile; fileRef = FBE6A2C816E252E200FEF566 /* WindBlowController.m */; };
		FBE6A2CC16E27AA700FEF566 /* BarController.m in Sources */ = {isa = PBXBuildFile; fileRef = FBE6A2CB16E27AA600FEF566 /* BarController.m */; };
		FBE6A2D016E29A0F00FEF566 /* direction-arrow-selected.png in Resources */ = {isa = PBXBuildFile; fileRef = FBE6A2CD16E29A0D00FEF566 /* direction-arrow-selected.png */; };
		FBE6A2D116E29A0F00FEF566 /* direction-arrow.png in Resources */ = {isa = PBXBuildFile; fileRef = FBE6A2CE16E29A0E00FEF566 /* direction-arrow.png */; };
		FBE6A2D216E29A0F00FEF566 /* direction-degree.png in Resources */ = {isa = PBXBuildFile; fileRef = FBE6A2CF16E29A0E00FEF566 /* direction-degree.png */; };
		FBE6A2D516E2AE8F00FEF566 /* AngleDialController.m in Sources */ = {isa = PBXBuildFile; fileRef = FBE6A2D416E2AE8D00FEF566 /* AngleDialController.m */; };
		FBE6A2D816E34F7500FEF566 /* windsuck.png in Resources */ = {isa = PBXBuildFile; fileRef = FBE6A2D616E34F7400FEF566 /* windsuck.png */; };
		FBE6A2D916E34F7500FEF566 /* wolfdie.png in Resources */ = {isa = PBXBuildFile; fileRef = FBE6A2D716E34F7400FEF566 /* wolfdie.png */; };
		FBE6A2E216E34F9100FEF566 /* score.png in Resources */ = {isa = PBXBuildFile; fileRef = FBE6A2DA16E34F8A00FEF566 /* score.png */; };
		FBE6A2E316E34F9100FEF566 /* wind-disperse.png in Resources */ = {isa = PBXBuildFile; fileRef = FBE6A2DB16E34F8A00FEF566 /* wind-disperse.png */; };
		FBE6A2E416E34F9100FEF566 /* wind-disperse1.png in Resources */ = {isa = PBXBuildFile; fileRef = FBE6A2DC16E34F8B00FEF566 /* wind-disperse1.png */; };
		FBE6A2E516E34F9100FEF566 /* wind-disperse2.png in Resources */ = {isa = PBXBuildFile; fileRef = FBE6A2DD16E34F8C00FEF566 /* wind-disperse2.png */; };
		FBE6A2E616E34F9100FEF566 /* wind-disperse3.png in Resources */ = {isa = PBXBuildFile; fileRef = FBE6A2DE16E34F8D00FEF566 /* wind-disperse3.png */; };
		FBE6A2E716E34F9100FEF566 /* windblow1.png in Resources */ = {isa = PBXBuildFile; fileRef = FBE6A2DF16E34F8E00FEF566 /* windblow1.png */; };
		FBE6A2E816E34F9100FEF566 /* windblow2.png in Resources */ = {isa = PBXBuildFile; fileRef = FBE6A2E016E34F8E00FEF566 /* windblow2.png */; };
		FBE6A2E916E34F9100FEF566 /* windblow3.png in Resources */ = {isa = PBXBuildFile; fileRef = FBE6A2E116E34F8F00FEF566 /* windblow3.png */; };
		FBE6A2F116E34FA100FEF566 /* cloud1.png in Resources */ = {isa = PBXBuildFile; fileRef = FBE6A2EA16E34F9E00FEF566 /* cloud1.png */; };
		FBE6A2F216E34FA100FEF566 /* cloud2.png in Resources */ = {isa = PBXBuildFile; fileRef = FBE6A2EB16E34F9E00FEF566 /* cloud2.png */; };
		FBE6A2F316E34FA100FEF566 /* cloud3.png in Resources */ = {isa = PBXBuildFile; fileRef = FBE6A2EC16E34F9E00FEF566 /* cloud3.png */; };
		FBE6A2F416E34FA100FEF566 /* font.png in Resources */ = {isa = PBXBuildFile; fileRef = FBE6A2ED16E34F9F00FEF566 /* font.png */; };
		FBE6A2F516E34FA100FEF566 /* heart.png in Resources */ = {isa = PBXBuildFile; fileRef = FBE6A2EE16E34FA000FEF566 /* heart.png */; };
		FBE6A2F616E34FA100FEF566 /* pig-die-smoke.png in Resources */ = {isa = PBXBuildFile; fileRef = FBE6A2EF16E34FA000FEF566 /* pig-die-smoke.png */; };
		FBE6A2F716E34FA100FEF566 /* pig2.png in Resources */ = {isa = PBXBuildFile; fileRef = FBE6A2F016E34FA000FEF566 /* pig2.png */; };
		FBEB2BDE16BBF8CA0095B0FB /* GameObjectModel.m in Sources */ = {isa = PBXBuildFile; fileRef = FBEB2BDD16BBF8CA0095B0FB /* GameObjectModel.m */; };
/* End PBXBuildFile section */

/* Begin PBXFileReference section */
		FB47A0AC16C53E5D00E47674 /* MSxmas.jpg */ = {isa = PBXFileReference; lastKnownFileType = image.jpeg; path = MSxmas.jpg; sourceTree = "<group>"; };
		FB47A0AF16C5402E00E47674 /* MScave.jpg */ = {isa = PBXFileReference; lastKnownFileType = image.jpeg; path = MScave.jpg; sourceTree = "<group>"; };
		FBBB845416BD35B80091BB47 /* GameObjectView.h */ = {isa = PBXFileReference; fileEncoding = 4; lastKnownFileType = sourcecode.c.h; path = GameObjectView.h; sourceTree = "<group>"; };
		FBBB845516BD35B80091BB47 /* GameObjectView.m */ = {isa = PBXFileReference; fileEncoding = 4; lastKnownFileType = sourcecode.c.objc; path = GameObjectView.m; sourceTree = "<group>"; };
		FBBB845816BD62340091BB47 /* PigView.h */ = {isa = PBXFileReference; fileEncoding = 4; lastKnownFileType = sourcecode.c.h; path = PigView.h; sourceTree = "<group>"; };
		FBBB845916BD62340091BB47 /* PigView.m */ = {isa = PBXFileReference; fileEncoding = 4; lastKnownFileType = sourcecode.c.objc; path = PigView.m; sourceTree = "<group>"; };
		FBBB845B16BD62C90091BB47 /* WolfView.h */ = {isa = PBXFileReference; fileEncoding = 4; lastKnownFileType = sourcecode.c.h; path = WolfView.h; sourceTree = "<group>"; };
		FBBB845C16BD62C90091BB47 /* WolfView.m */ = {isa = PBXFileReference; fileEncoding = 4; lastKnownFileType = sourcecode.c.objc; path = WolfView.m; sourceTree = "<group>"; };
		FBBB845E16BD62D40091BB47 /* BlockView.h */ = {isa = PBXFileReference; fileEncoding = 4; lastKnownFileType = sourcecode.c.h; path = BlockView.h; sourceTree = "<group>"; };
		FBBB845F16BD62D40091BB47 /* BlockView.m */ = {isa = PBXFileReference; fileEncoding = 4; lastKnownFileType = sourcecode.c.objc; path = BlockView.m; sourceTree = "<group>"; };
		FBBB846916BD710F0091BB47 /* peashooter.png */ = {isa = PBXFileReference; lastKnownFileType = image.png; path = peashooter.png; sourceTree = "<group>"; };
		FBBB846B16BD7EF90091BB47 /* DeveloperSettings.h */ = {isa = PBXFileReference; fileEncoding = 4; lastKnownFileType = sourcecode.c.h; path = DeveloperSettings.h; sourceTree = "<group>"; };
		FBBB846C16BD7EFA0091BB47 /* DeveloperSettings.m */ = {isa = PBXFileReference; fileEncoding = 4; lastKnownFileType = sourcecode.c.objc; path = DeveloperSettings.m; sourceTree = "<group>"; };
		FBBE15DE16E0AFDA00E16F7A /* PlaySceneController.h */ = {isa = PBXFileReference; fileEncoding = 4; lastKnownFileType = sourcecode.c.h; path = PlaySceneController.h; sourceTree = "<group>"; };
		FBBE15DF16E0AFDA00E16F7A /* PlaySceneController.m */ = {isa = PBXFileReference; fileEncoding = 4; lastKnownFileType = sourcecode.c.objc; path = PlaySceneController.m; sourceTree = "<group>"; };
		FBCF234A16B64CB700217BDA /* Game.app */ = {isa = PBXFileReference; explicitFileType = wrapper.application; includeInIndex = 0; path = Game.app; sourceTree = BUILT_PRODUCTS_DIR; };
		FBCF234E16B64CB700217BDA /* UIKit.framework */ = {isa = PBXFileReference; lastKnownFileType = wrapper.framework; name = UIKit.framework; path = System/Library/Frameworks/UIKit.framework; sourceTree = SDKROOT; };
		FBCF235016B64CB700217BDA /* Foundation.framework */ = {isa = PBXFileReference; lastKnownFileType = wrapper.framework; name = Foundation.framework; path = System/Library/Frameworks/Foundation.framework; sourceTree = SDKROOT; };
		FBCF235216B64CB700217BDA /* CoreGraphics.framework */ = {isa = PBXFileReference; lastKnownFileType = wrapper.framework; name = CoreGraphics.framework; path = System/Library/Frameworks/CoreGraphics.framework; sourceTree = SDKROOT; };
		FBCF235616B64CB700217BDA /* Game-Info.plist */ = {isa = PBXFileReference; lastKnownFileType = text.plist.xml; path = "Game-Info.plist"; sourceTree = "<group>"; };
		FBCF235816B64CB700217BDA /* en */ = {isa = PBXFileReference; lastKnownFileType = text.plist.strings; name = en; path = en.lproj/InfoPlist.strings; sourceTree = "<group>"; };
		FBCF235A16B64CB700217BDA /* main.m */ = {isa = PBXFileReference; lastKnownFileType = sourcecode.c.objc; path = main.m; sourceTree = "<group>"; };
		FBCF235C16B64CB700217BDA /* Game-Prefix.pch */ = {isa = PBXFileReference; lastKnownFileType = sourcecode.c.h; path = "Game-Prefix.pch"; sourceTree = "<group>"; };
		FBCF235D16B64CB700217BDA /* AppDelegate.h */ = {isa = PBXFileReference; lastKnownFileType = sourcecode.c.h; path = AppDelegate.h; sourceTree = "<group>"; };
		FBCF235E16B64CB700217BDA /* AppDelegate.m */ = {isa = PBXFileReference; lastKnownFileType = sourcecode.c.objc; path = AppDelegate.m; sourceTree = "<group>"; };
		FBCF236016B64CB700217BDA /* Default.png */ = {isa = PBXFileReference; lastKnownFileType = image.png; path = Default.png; sourceTree = "<group>"; };
		FBCF236216B64CB700217BDA /* Default@2x.png */ = {isa = PBXFileReference; lastKnownFileType = image.png; path = "Default@2x.png"; sourceTree = "<group>"; };
		FBCF236416B64CB700217BDA /* Default-568h@2x.png */ = {isa = PBXFileReference; lastKnownFileType = image.png; path = "Default-568h@2x.png"; sourceTree = "<group>"; };
		FBCF236716B64CB700217BDA /* en */ = {isa = PBXFileReference; lastKnownFileType = file.storyboard; name = en; path = en.lproj/MainStoryboard.storyboard; sourceTree = "<group>"; };
		FBCF236916B64CB700217BDA /* ViewController.h */ = {isa = PBXFileReference; lastKnownFileType = sourcecode.c.h; path = ViewController.h; sourceTree = "<group>"; };
		FBCF236A16B64CB700217BDA /* ViewController.m */ = {isa = PBXFileReference; lastKnownFileType = sourcecode.c.objc; path = ViewController.m; sourceTree = "<group>"; };
		FBCF237116B6545200217BDA /* background.png */ = {isa = PBXFileReference; lastKnownFileType = image.png; path = background.png; sourceTree = "<group>"; };
		FBCF237216B6545200217BDA /* ground.png */ = {isa = PBXFileReference; lastKnownFileType = image.png; path = ground.png; sourceTree = "<group>"; };
		FBCF237516B66DFC00217BDA /* iron.png */ = {isa = PBXFileReference; lastKnownFileType = image.png; path = iron.png; sourceTree = "<group>"; };
		FBCF237616B66DFC00217BDA /* pig.png */ = {isa = PBXFileReference; lastKnownFileType = image.png; path = pig.png; sourceTree = "<group>"; };
		FBCF237716B66DFC00217BDA /* stone.png */ = {isa = PBXFileReference; lastKnownFileType = image.png; path = stone.png; sourceTree = "<group>"; };
		FBCF237816B66DFC00217BDA /* straw.png */ = {isa = PBXFileReference; lastKnownFileType = image.png; path = straw.png; sourceTree = "<group>"; };
		FBCF237916B66DFC00217BDA /* wolfs.png */ = {isa = PBXFileReference; lastKnownFileType = image.png; path = wolfs.png; sourceTree = "<group>"; };
		FBCF237A16B66DFC00217BDA /* wood.png */ = {isa = PBXFileReference; lastKnownFileType = image.png; path = wood.png; sourceTree = "<group>"; };
		FBCF238116B6971800217BDA /* GameObject.h */ = {isa = PBXFileReference; lastKnownFileType = sourcecode.c.h; path = GameObject.h; sourceTree = "<group>"; };
		FBE3727416BE281600940FB3 /* circle.jpg */ = {isa = PBXFileReference; lastKnownFileType = image.jpeg; path = circle.jpg; sourceTree = "<group>"; };
		FBE3727716BE575200940FB3 /* GameObject.m */ = {isa = PBXFileReference; fileEncoding = 4; lastKnownFileType = sourcecode.c.objc; path = GameObject.m; sourceTree = "<group>"; };
		FBE3727916BE577D00940FB3 /* GamePig.h */ = {isa = PBXFileReference; fileEncoding = 4; lastKnownFileType = sourcecode.c.h; path = GamePig.h; sourceTree = "<group>"; };
		FBE3727A16BE577D00940FB3 /* GamePig.m */ = {isa = PBXFileReference; fileEncoding = 4; lastKnownFileType = sourcecode.c.objc; path = GamePig.m; sourceTree = "<group>"; };
		FBE3727C16BE578A00940FB3 /* GameWolf.h */ = {isa = PBXFileReference; fileEncoding = 4; lastKnownFileType = sourcecode.c.h; path = GameWolf.h; sourceTree = "<group>"; };
		FBE3727D16BE578A00940FB3 /* GameWolf.m */ = {isa = PBXFileReference; fileEncoding = 4; lastKnownFileType = sourcecode.c.objc; path = GameWolf.m; sourceTree = "<group>"; };
		FBE3727F16BE579A00940FB3 /* GameBlock.h */ = {isa = PBXFileReference; fileEncoding = 4; lastKnownFileType = sourcecode.c.h; path = GameBlock.h; sourceTree = "<group>"; };
		FBE3728016BE579B00940FB3 /* GameBlock.m */ = {isa = PBXFileReference; fileEncoding = 4; lastKnownFileType = sourcecode.c.objc; path = GameBlock.m; sourceTree = "<group>"; };
		FBE38AA116BF834C008E18A0 /* UIView+ExploreViewHierarchy.h */ = {isa = PBXFileReference; fileEncoding = 4; lastKnownFileType = sourcecode.c.h; path = "UIView+ExploreViewHierarchy.h"; sourceTree = "<group>"; };
		FBE38AA216BF834C008E18A0 /* UIView+ExploreViewHierarchy.m */ = {isa = PBXFileReference; fileEncoding = 4; lastKnownFileType = sourcecode.c.objc; path = "UIView+ExploreViewHierarchy.m"; sourceTree = "<group>"; };
		FBE6A27816E1DFE000FEF566 /* QuartzCore.framework */ = {isa = PBXFileReference; lastKnownFileType = wrapper.framework; name = QuartzCore.framework; path = System/Library/Frameworks/QuartzCore.framework; sourceTree = SDKROOT; };
		FBE6A27B16E1E02600FEF566 /* ImageIO.framework */ = {isa = PBXFileReference; lastKnownFileType = wrapper.framework; name = ImageIO.framework; path = System/Library/Frameworks/ImageIO.framework; sourceTree = SDKROOT; };
		FBE6A28416E1E30800FEF566 /* chipmunk.h */ = {isa = PBXFileReference; fileEncoding = 4; lastKnownFileType = sourcecode.c.h; path = chipmunk.h; sourceTree = "<group>"; };
		FBE6A28516E1E30800FEF566 /* chipmunk_ffi.h */ = {isa = PBXFileReference; fileEncoding = 4; lastKnownFileType = sourcecode.c.h; path = chipmunk_ffi.h; sourceTree = "<group>"; };
		FBE6A28616E1E30800FEF566 /* chipmunk_private.h */ = {isa = PBXFileReference; fileEncoding = 4; lastKnownFileType = sourcecode.c.h; path = chipmunk_private.h; sourceTree = "<group>"; };
		FBE6A28716E1E30800FEF566 /* chipmunk_types.h */ = {isa = PBXFileReference; fileEncoding = 4; lastKnownFileType = sourcecode.c.h; path = chipmunk_types.h; sourceTree = "<group>"; };
		FBE6A28816E1E30800FEF566 /* chipmunk_unsafe.h */ = {isa = PBXFileReference; fileEncoding = 4; lastKnownFileType = sourcecode.c.h; path = chipmunk_unsafe.h; sourceTree = "<group>"; };
		FBE6A28A16E1E30800FEF566 /* cpConstraint.h */ = {isa = PBXFileReference; fileEncoding = 4; lastKnownFileType = sourcecode.c.h; path = cpConstraint.h; sourceTree = "<group>"; };
		FBE6A28B16E1E30800FEF566 /* cpDampedRotarySpring.h */ = {isa = PBXFileReference; fileEncoding = 4; lastKnownFileType = sourcecode.c.h; path = cpDampedRotarySpring.h; sourceTree = "<group>"; };
		FBE6A28C16E1E30800FEF566 /* cpDampedSpring.h */ = {isa = PBXFileReference; fileEncoding = 4; lastKnownFileType = sourcecode.c.h; path = cpDampedSpring.h; sourceTree = "<group>"; };
		FBE6A28D16E1E30800FEF566 /* cpGearJoint.h */ = {isa = PBXFileReference; fileEncoding = 4; lastKnownFileType = sourcecode.c.h; path = cpGearJoint.h; sourceTree = "<group>"; };
		FBE6A28E16E1E30800FEF566 /* cpGrooveJoint.h */ = {isa = PBXFileReference; fileEncoding = 4; lastKnownFileType = sourcecode.c.h; path = cpGrooveJoint.h; sourceTree = "<group>"; };
		FBE6A28F16E1E30800FEF566 /* cpPinJoint.h */ = {isa = PBXFileReference; fileEncoding = 4; lastKnownFileType = sourcecode.c.h; path = cpPinJoint.h; sourceTree = "<group>"; };
		FBE6A29016E1E30800FEF566 /* cpPivotJoint.h */ = {isa = PBXFileReference; fileEncoding = 4; lastKnownFileType = sourcecode.c.h; path = cpPivotJoint.h; sourceTree = "<group>"; };
		FBE6A29116E1E30800FEF566 /* cpRatchetJoint.h */ = {isa = PBXFileReference; fileEncoding = 4; lastKnownFileType = sourcecode.c.h; path = cpRatchetJoint.h; sourceTree = "<group>"; };
		FBE6A29216E1E30800FEF566 /* cpRotaryLimitJoint.h */ = {isa = PBXFileReference; fileEncoding = 4; lastKnownFileType = sourcecode.c.h; path = cpRotaryLimitJoint.h; sourceTree = "<group>"; };
		FBE6A29316E1E30800FEF566 /* cpSimpleMotor.h */ = {isa = PBXFileReference; fileEncoding = 4; lastKnownFileType = sourcecode.c.h; path = cpSimpleMotor.h; sourceTree = "<group>"; };
		FBE6A29416E1E30800FEF566 /* cpSlideJoint.h */ = {isa = PBXFileReference; fileEncoding = 4; lastKnownFileType = sourcecode.c.h; path = cpSlideJoint.h; sourceTree = "<group>"; };
		FBE6A29516E1E30800FEF566 /* util.h */ = {isa = PBXFileReference; fileEncoding = 4; lastKnownFileType = sourcecode.c.h; path = util.h; sourceTree = "<group>"; };
		FBE6A29616E1E30800FEF566 /* cpArbiter.h */ = {isa = PBXFileReference; fileEncoding = 4; lastKnownFileType = sourcecode.c.h; path = cpArbiter.h; sourceTree = "<group>"; };
		FBE6A29716E1E30800FEF566 /* cpBB.h */ = {isa = PBXFileReference; fileEncoding = 4; lastKnownFileType = sourcecode.c.h; path = cpBB.h; sourceTree = "<group>"; };
		FBE6A29816E1E30800FEF566 /* cpBody.h */ = {isa = PBXFileReference; fileEncoding = 4; lastKnownFileType = sourcecode.c.h; path = cpBody.h; sourceTree = "<group>"; };
		FBE6A29916E1E30800FEF566 /* cpPolyShape.h */ = {isa = PBXFileReference; fileEncoding = 4; lastKnownFileType = sourcecode.c.h; path = cpPolyShape.h; sourceTree = "<group>"; };
		FBE6A29A16E1E30800FEF566 /* cpShape.h */ = {isa = PBXFileReference; fileEncoding = 4; lastKnownFileType = sourcecode.c.h; path = cpShape.h; sourceTree = "<group>"; };
		FBE6A29B16E1E30800FEF566 /* cpSpace.h */ = {isa = PBXFileReference; fileEncoding = 4; lastKnownFileType = sourcecode.c.h; path = cpSpace.h; sourceTree = "<group>"; };
		FBE6A29C16E1E30800FEF566 /* cpSpatialIndex.h */ = {isa = PBXFileReference; fileEncoding = 4; lastKnownFileType = sourcecode.c.h; path = cpSpatialIndex.h; sourceTree = "<group>"; };
		FBE6A29D16E1E30800FEF566 /* cpVect.h */ = {isa = PBXFileReference; fileEncoding = 4; lastKnownFileType = sourcecode.c.h; path = cpVect.h; sourceTree = "<group>"; };
		FBE6A29E16E1E30800FEF566 /* ChipmunkAutoGeometry.h */ = {isa = PBXFileReference; fileEncoding = 4; lastKnownFileType = sourcecode.c.h; path = ChipmunkAutoGeometry.h; sourceTree = "<group>"; };
		FBE6A29F16E1E30800FEF566 /* ChipmunkBody.h */ = {isa = PBXFileReference; fileEncoding = 4; lastKnownFileType = sourcecode.c.h; path = ChipmunkBody.h; sourceTree = "<group>"; };
		FBE6A2A016E1E30800FEF566 /* ChipmunkConstraint.h */ = {isa = PBXFileReference; fileEncoding = 4; lastKnownFileType = sourcecode.c.h; path = ChipmunkConstraint.h; sourceTree = "<group>"; };
		FBE6A2A116E1E30800FEF566 /* ChipmunkExtras.h */ = {isa = PBXFileReference; fileEncoding = 4; lastKnownFileType = sourcecode.c.h; path = ChipmunkExtras.h; sourceTree = "<group>"; };
		FBE6A2A216E1E30800FEF566 /* ChipmunkHastySpace.h */ = {isa = PBXFileReference; fileEncoding = 4; lastKnownFileType = sourcecode.c.h; path = ChipmunkHastySpace.h; sourceTree = "<group>"; };
		FBE6A2A316E1E30800FEF566 /* ChipmunkImageSampler.h */ = {isa = PBXFileReference; fileEncoding = 4; lastKnownFileType = sourcecode.c.h; path = ChipmunkImageSampler.h; sourceTree = "<group>"; };
		FBE6A2A416E1E30800FEF566 /* ChipmunkMultiGrab.h */ = {isa = PBXFileReference; fileEncoding = 4; lastKnownFileType = sourcecode.c.h; path = ChipmunkMultiGrab.h; sourceTree = "<group>"; };
		FBE6A2A516E1E30800FEF566 /* ChipmunkObject.h */ = {isa = PBXFileReference; fileEncoding = 4; lastKnownFileType = sourcecode.c.h; path = ChipmunkObject.h; sourceTree = "<group>"; };
		FBE6A2A616E1E30800FEF566 /* ChipmunkPointCloudSampler.h */ = {isa = PBXFileReference; fileEncoding = 4; lastKnownFileType = sourcecode.c.h; path = ChipmunkPointCloudSampler.h; sourceTree = "<group>"; };
		FBE6A2A716E1E30800FEF566 /* ChipmunkShape.h */ = {isa = PBXFileReference; fileEncoding = 4; lastKnownFileType = sourcecode.c.h; path = ChipmunkShape.h; sourceTree = "<group>"; };
		FBE6A2A816E1E30800FEF566 /* ChipmunkSpace.h */ = {isa = PBXFileReference; fileEncoding = 4; lastKnownFileType = sourcecode.c.h; path = ChipmunkSpace.h; sourceTree = "<group>"; };
		FBE6A2A916E1E30800FEF566 /* ChipmunkTileCache.h */ = {isa = PBXFileReference; fileEncoding = 4; lastKnownFileType = sourcecode.c.h; path = ChipmunkTileCache.h; sourceTree = "<group>"; };
		FBE6A2AA16E1E30800FEF566 /* cpHastySpace.h */ = {isa = PBXFileReference; fileEncoding = 4; lastKnownFileType = sourcecode.c.h; path = cpHastySpace.h; sourceTree = "<group>"; };
		FBE6A2AB16E1E30800FEF566 /* cpMarch.h */ = {isa = PBXFileReference; fileEncoding = 4; lastKnownFileType = sourcecode.c.h; path = cpMarch.h; sourceTree = "<group>"; };
		FBE6A2AC16E1E30800FEF566 /* cpPolyline.h */ = {isa = PBXFileReference; fileEncoding = 4; lastKnownFileType = sourcecode.c.h; path = cpPolyline.h; sourceTree = "<group>"; };
		FBE6A2AD16E1E30800FEF566 /* libChipmunkPro-iPhone.a */ = {isa = PBXFileReference; lastKnownFileType = archive.ar; path = "libChipmunkPro-iPhone.a"; sourceTree = "<group>"; };
		FBE6A2AE16E1E30800FEF566 /* ObjectiveChipmunk.h */ = {isa = PBXFileReference; fileEncoding = 4; lastKnownFileType = sourcecode.c.h; path = ObjectiveChipmunk.h; sourceTree = "<group>"; };
		FBE6A2B516E1E7CB00FEF566 /* PigPlayController.h */ = {isa = PBXFileReference; fileEncoding = 4; lastKnownFileType = sourcecode.c.h; path = PigPlayController.h; sourceTree = "<group>"; };
		FBE6A2B616E1E7CB00FEF566 /* PigPlayController.m */ = {isa = PBXFileReference; fileEncoding = 4; lastKnownFileType = sourcecode.c.objc; path = PigPlayController.m; sourceTree = "<group>"; };
		FBE6A2BC16E2093700FEF566 /* MyMath.h */ = {isa = PBXFileReference; fileEncoding = 4; lastKnownFileType = sourcecode.c.h; path = MyMath.h; sourceTree = "<group>"; };
		FBE6A2BD16E2093800FEF566 /* MyMath.m */ = {isa = PBXFileReference; fileEncoding = 4; lastKnownFileType = sourcecode.c.objc; path = MyMath.m; sourceTree = "<group>"; };
		FBE6A2BF16E22DB100FEF566 /* WolfPlayController.h */ = {isa = PBXFileReference; fileEncoding = 4; lastKnownFileType = sourcecode.c.h; path = WolfPlayController.h; sourceTree = "<group>"; };
		FBE6A2C016E22DB200FEF566 /* WolfPlayController.m */ = {isa = PBXFileReference; fileEncoding = 4; lastKnownFileType = sourcecode.c.objc; path = WolfPlayController.m; sourceTree = "<group>"; };
		FBE6A2C216E2346F00FEF566 /* BlockPlayController.h */ = {isa = PBXFileReference; fileEncoding = 4; lastKnownFileType = sourcecode.c.h; path = BlockPlayController.h; sourceTree = "<group>"; };
		FBE6A2C316E2346F00FEF566 /* BlockPlayController.m */ = {isa = PBXFileReference; fileEncoding = 4; lastKnownFileType = sourcecode.c.objc; path = BlockPlayController.m; sourceTree = "<group>"; };
		FBE6A2C516E250D200FEF566 /* windblow.png */ = {isa = PBXFileReference; lastKnownFileType = image.png; path = windblow.png; sourceTree = "<group>"; };
		FBE6A2C716E252E100FEF566 /* WindBlowController.h */ = {isa = PBXFileReference; fileEncoding = 4; lastKnownFileType = sourcecode.c.h; path = WindBlowController.h; sourceTree = "<group>"; };
		FBE6A2C816E252E200FEF566 /* WindBlowController.m */ = {isa = PBXFileReference; fileEncoding = 4; lastKnownFileType = sourcecode.c.objc; path = WindBlowController.m; sourceTree = "<group>"; };
		FBE6A2CA16E27AA500FEF566 /* BarController.h */ = {isa = PBXFileReference; fileEncoding = 4; lastKnownFileType = sourcecode.c.h; path = BarController.h; sourceTree = "<group>"; };
		FBE6A2CB16E27AA600FEF566 /* BarController.m */ = {isa = PBXFileReference; fileEncoding = 4; lastKnownFileType = sourcecode.c.objc; path = BarController.m; sourceTree = "<group>"; };
		FBE6A2CD16E29A0D00FEF566 /* direction-arrow-selected.png */ = {isa = PBXFileReference; lastKnownFileType = image.png; path = "direction-arrow-selected.png"; sourceTree = "<group>"; };
		FBE6A2CE16E29A0E00FEF566 /* direction-arrow.png */ = {isa = PBXFileReference; lastKnownFileType = image.png; path = "direction-arrow.png"; sourceTree = "<group>"; };
		FBE6A2CF16E29A0E00FEF566 /* direction-degree.png */ = {isa = PBXFileReference; lastKnownFileType = image.png; path = "direction-degree.png"; sourceTree = "<group>"; };
		FBE6A2D316E2AE8C00FEF566 /* AngleDialController.h */ = {isa = PBXFileReference; fileEncoding = 4; lastKnownFileType = sourcecode.c.h; path = AngleDialController.h; sourceTree = "<group>"; };
		FBE6A2D416E2AE8D00FEF566 /* AngleDialController.m */ = {isa = PBXFileReference; fileEncoding = 4; lastKnownFileType = sourcecode.c.objc; path = AngleDialController.m; sourceTree = "<group>"; };
		FBE6A2D616E34F7400FEF566 /* windsuck.png */ = {isa = PBXFileReference; lastKnownFileType = image.png; path = windsuck.png; sourceTree = "<group>"; };
		FBE6A2D716E34F7400FEF566 /* wolfdie.png */ = {isa = PBXFileReference; lastKnownFileType = image.png; path = wolfdie.png; sourceTree = "<group>"; };
		FBE6A2DA16E34F8A00FEF566 /* score.png */ = {isa = PBXFileReference; lastKnownFileType = image.png; path = score.png; sourceTree = "<group>"; };
		FBE6A2DB16E34F8A00FEF566 /* wind-disperse.png */ = {isa = PBXFileReference; lastKnownFileType = image.png; path = "wind-disperse.png"; sourceTree = "<group>"; };
		FBE6A2DC16E34F8B00FEF566 /* wind-disperse1.png */ = {isa = PBXFileReference; lastKnownFileType = image.png; path = "wind-disperse1.png"; sourceTree = "<group>"; };
		FBE6A2DD16E34F8C00FEF566 /* wind-disperse2.png */ = {isa = PBXFileReference; lastKnownFileType = image.png; path = "wind-disperse2.png"; sourceTree = "<group>"; };
		FBE6A2DE16E34F8D00FEF566 /* wind-disperse3.png */ = {isa = PBXFileReference; lastKnownFileType = image.png; path = "wind-disperse3.png"; sourceTree = "<group>"; };
		FBE6A2DF16E34F8E00FEF566 /* windblow1.png */ = {isa = PBXFileReference; lastKnownFileType = image.png; path = windblow1.png; sourceTree = "<group>"; };
		FBE6A2E016E34F8E00FEF566 /* windblow2.png */ = {isa = PBXFileReference; lastKnownFileType = image.png; path = windblow2.png; sourceTree = "<group>"; };
		FBE6A2E116E34F8F00FEF566 /* windblow3.png */ = {isa = PBXFileReference; lastKnownFileType = image.png; path = windblow3.png; sourceTree = "<group>"; };
		FBE6A2EA16E34F9E00FEF566 /* cloud1.png */ = {isa = PBXFileReference; lastKnownFileType = image.png; path = cloud1.png; sourceTree = "<group>"; };
		FBE6A2EB16E34F9E00FEF566 /* cloud2.png */ = {isa = PBXFileReference; lastKnownFileType = image.png; path = cloud2.png; sourceTree = "<group>"; };
		FBE6A2EC16E34F9E00FEF566 /* cloud3.png */ = {isa = PBXFileReference; lastKnownFileType = image.png; path = cloud3.png; sourceTree = "<group>"; };
		FBE6A2ED16E34F9F00FEF566 /* font.png */ = {isa = PBXFileReference; lastKnownFileType = image.png; path = font.png; sourceTree = "<group>"; };
		FBE6A2EE16E34FA000FEF566 /* heart.png */ = {isa = PBXFileReference; lastKnownFileType = image.png; path = heart.png; sourceTree = "<group>"; };
		FBE6A2EF16E34FA000FEF566 /* pig-die-smoke.png */ = {isa = PBXFileReference; lastKnownFileType = image.png; path = "pig-die-smoke.png"; sourceTree = "<group>"; };
		FBE6A2F016E34FA000FEF566 /* pig2.png */ = {isa = PBXFileReference; lastKnownFileType = image.png; path = pig2.png; sourceTree = "<group>"; };
		FBEB2BDC16BBF8CA0095B0FB /* GameObjectModel.h */ = {isa = PBXFileReference; fileEncoding = 4; lastKnownFileType = sourcecode.c.h; path = GameObjectModel.h; sourceTree = "<group>"; };
		FBEB2BDD16BBF8CA0095B0FB /* GameObjectModel.m */ = {isa = PBXFileReference; fileEncoding = 4; lastKnownFileType = sourcecode.c.objc; path = GameObjectModel.m; sourceTree = "<group>"; };
/* End PBXFileReference section */

/* Begin PBXFrameworksBuildPhase section */
		FBCF234716B64CB700217BDA /* Frameworks */ = {
			isa = PBXFrameworksBuildPhase;
			buildActionMask = 2147483647;
			files = (
				FBE6A27C16E1E02600FEF566 /* ImageIO.framework in Frameworks */,
				FBE6A27916E1DFE000FEF566 /* QuartzCore.framework in Frameworks */,
				FBCF234F16B64CB700217BDA /* UIKit.framework in Frameworks */,
				FBCF235116B64CB700217BDA /* Foundation.framework in Frameworks */,
				FBCF235316B64CB700217BDA /* CoreGraphics.framework in Frameworks */,
				FBE6A2AF16E1E30800FEF566 /* libChipmunkPro-iPhone.a in Frameworks */,
			);
			runOnlyForDeploymentPostprocessing = 0;
		};
/* End PBXFrameworksBuildPhase section */

/* Begin PBXGroup section */
		FBCF233F16B64CB700217BDA = {
			isa = PBXGroup;
			children = (
				FBCF235416B64CB700217BDA /* Game */,
				FBE6A28216E1E30800FEF566 /* ChipmunkPro-iPhone-Trial */,
				FBCF234D16B64CB700217BDA /* Frameworks */,
				FBCF234B16B64CB700217BDA /* Products */,
			);
			sourceTree = "<group>";
		};
		FBCF234B16B64CB700217BDA /* Products */ = {
			isa = PBXGroup;
			children = (
				FBCF234A16B64CB700217BDA /* Game.app */,
			);
			name = Products;
			sourceTree = "<group>";
		};
		FBCF234D16B64CB700217BDA /* Frameworks */ = {
			isa = PBXGroup;
			children = (
				FBE6A27B16E1E02600FEF566 /* ImageIO.framework */,
				FBE6A27816E1DFE000FEF566 /* QuartzCore.framework */,
				FBCF234E16B64CB700217BDA /* UIKit.framework */,
				FBCF235016B64CB700217BDA /* Foundation.framework */,
				FBCF235216B64CB700217BDA /* CoreGraphics.framework */,
			);
			name = Frameworks;
			sourceTree = "<group>";
		};
		FBCF235416B64CB700217BDA /* Game */ = {
			isa = PBXGroup;
			children = (
				FBEB2BD116BBE81C0095B0FB /* res */,
				FBEB2BD516BBE8A30095B0FB /* src */,
				FBE6A2BC16E2093700FEF566 /* MyMath.h */,
				FBE6A2BD16E2093800FEF566 /* MyMath.m */,
				FBE38AA116BF834C008E18A0 /* UIView+ExploreViewHierarchy.h */,
				FBE38AA216BF834C008E18A0 /* UIView+ExploreViewHierarchy.m */,
				FBCF235D16B64CB700217BDA /* AppDelegate.h */,
				FBCF235E16B64CB700217BDA /* AppDelegate.m */,
				FBCF236616B64CB700217BDA /* MainStoryboard.storyboard */,
				FBCF235516B64CB700217BDA /* Supporting Files */,
			);
			path = Game;
			sourceTree = "<group>";
		};
		FBCF235516B64CB700217BDA /* Supporting Files */ = {
			isa = PBXGroup;
			children = (
				FBCF235616B64CB700217BDA /* Game-Info.plist */,
				FBCF235716B64CB700217BDA /* InfoPlist.strings */,
				FBCF235A16B64CB700217BDA /* main.m */,
				FBCF235C16B64CB700217BDA /* Game-Prefix.pch */,
				FBCF236016B64CB700217BDA /* Default.png */,
				FBCF236216B64CB700217BDA /* Default@2x.png */,
				FBCF236416B64CB700217BDA /* Default-568h@2x.png */,
			);
			name = "Supporting Files";
			sourceTree = "<group>";
		};
		FBE6A28216E1E30800FEF566 /* ChipmunkPro-iPhone-Trial */ = {
			isa = PBXGroup;
			children = (
				FBE6A28316E1E30800FEF566 /* chipmunk */,
				FBE6A29E16E1E30800FEF566 /* ChipmunkAutoGeometry.h */,
				FBE6A29F16E1E30800FEF566 /* ChipmunkBody.h */,
				FBE6A2A016E1E30800FEF566 /* ChipmunkConstraint.h */,
				FBE6A2A116E1E30800FEF566 /* ChipmunkExtras.h */,
				FBE6A2A216E1E30800FEF566 /* ChipmunkHastySpace.h */,
				FBE6A2A316E1E30800FEF566 /* ChipmunkImageSampler.h */,
				FBE6A2A416E1E30800FEF566 /* ChipmunkMultiGrab.h */,
				FBE6A2A516E1E30800FEF566 /* ChipmunkObject.h */,
				FBE6A2A616E1E30800FEF566 /* ChipmunkPointCloudSampler.h */,
				FBE6A2A716E1E30800FEF566 /* ChipmunkShape.h */,
				FBE6A2A816E1E30800FEF566 /* ChipmunkSpace.h */,
				FBE6A2A916E1E30800FEF566 /* ChipmunkTileCache.h */,
				FBE6A2AA16E1E30800FEF566 /* cpHastySpace.h */,
				FBE6A2AB16E1E30800FEF566 /* cpMarch.h */,
				FBE6A2AC16E1E30800FEF566 /* cpPolyline.h */,
				FBE6A2AD16E1E30800FEF566 /* libChipmunkPro-iPhone.a */,
				FBE6A2AE16E1E30800FEF566 /* ObjectiveChipmunk.h */,
			);
			path = "ChipmunkPro-iPhone-Trial";
			sourceTree = "<group>";
		};
		FBE6A28316E1E30800FEF566 /* chipmunk */ = {
			isa = PBXGroup;
			children = (
				FBE6A28416E1E30800FEF566 /* chipmunk.h */,
				FBE6A28516E1E30800FEF566 /* chipmunk_ffi.h */,
				FBE6A28616E1E30800FEF566 /* chipmunk_private.h */,
				FBE6A28716E1E30800FEF566 /* chipmunk_types.h */,
				FBE6A28816E1E30800FEF566 /* chipmunk_unsafe.h */,
				FBE6A28916E1E30800FEF566 /* constraints */,
				FBE6A29616E1E30800FEF566 /* cpArbiter.h */,
				FBE6A29716E1E30800FEF566 /* cpBB.h */,
				FBE6A29816E1E30800FEF566 /* cpBody.h */,
				FBE6A29916E1E30800FEF566 /* cpPolyShape.h */,
				FBE6A29A16E1E30800FEF566 /* cpShape.h */,
				FBE6A29B16E1E30800FEF566 /* cpSpace.h */,
				FBE6A29C16E1E30800FEF566 /* cpSpatialIndex.h */,
				FBE6A29D16E1E30800FEF566 /* cpVect.h */,
			);
			path = chipmunk;
			sourceTree = "<group>";
		};
		FBE6A28916E1E30800FEF566 /* constraints */ = {
			isa = PBXGroup;
			children = (
				FBE6A28A16E1E30800FEF566 /* cpConstraint.h */,
				FBE6A28B16E1E30800FEF566 /* cpDampedRotarySpring.h */,
				FBE6A28C16E1E30800FEF566 /* cpDampedSpring.h */,
				FBE6A28D16E1E30800FEF566 /* cpGearJoint.h */,
				FBE6A28E16E1E30800FEF566 /* cpGrooveJoint.h */,
				FBE6A28F16E1E30800FEF566 /* cpPinJoint.h */,
				FBE6A29016E1E30800FEF566 /* cpPivotJoint.h */,
				FBE6A29116E1E30800FEF566 /* cpRatchetJoint.h */,
				FBE6A29216E1E30800FEF566 /* cpRotaryLimitJoint.h */,
				FBE6A29316E1E30800FEF566 /* cpSimpleMotor.h */,
				FBE6A29416E1E30800FEF566 /* cpSlideJoint.h */,
				FBE6A29516E1E30800FEF566 /* util.h */,
			);
			path = constraints;
			sourceTree = "<group>";
		};
		FBEB2BD116BBE81C0095B0FB /* res */ = {
			isa = PBXGroup;
			children = (
				FBE6A2EA16E34F9E00FEF566 /* cloud1.png */,
				FBE6A2EB16E34F9E00FEF566 /* cloud2.png */,
				FBE6A2EC16E34F9E00FEF566 /* cloud3.png */,
				FBE6A2ED16E34F9F00FEF566 /* font.png */,
				FBE6A2EE16E34FA000FEF566 /* heart.png */,
				FBE6A2EF16E34FA000FEF566 /* pig-die-smoke.png */,
				FBE6A2F016E34FA000FEF566 /* pig2.png */,
				FBE6A2DA16E34F8A00FEF566 /* score.png */,
				FBE6A2DB16E34F8A00FEF566 /* wind-disperse.png */,
				FBE6A2DC16E34F8B00FEF566 /* wind-disperse1.png */,
				FBE6A2DD16E34F8C00FEF566 /* wind-disperse2.png */,
				FBE6A2DE16E34F8D00FEF566 /* wind-disperse3.png */,
				FBE6A2DF16E34F8E00FEF566 /* windblow1.png */,
				FBE6A2E016E34F8E00FEF566 /* windblow2.png */,
				FBE6A2E116E34F8F00FEF566 /* windblow3.png */,
				FBE6A2D616E34F7400FEF566 /* windsuck.png */,
				FBE6A2D716E34F7400FEF566 /* wolfdie.png */,
				FBE6A2CD16E29A0D00FEF566 /* direction-arrow-selected.png */,
				FBE6A2CE16E29A0E00FEF566 /* direction-arrow.png */,
				FBE6A2CF16E29A0E00FEF566 /* direction-degree.png */,
				FBE6A2C516E250D200FEF566 /* windblow.png */,
				FB47A0AF16C5402E00E47674 /* MScave.jpg */,
				FB47A0AC16C53E5D00E47674 /* MSxmas.jpg */,
				FBE3727416BE281600940FB3 /* circle.jpg */,
				FBBB846916BD710F0091BB47 /* peashooter.png */,
				FBCF237716B66DFC00217BDA /* stone.png */,
				FBCF237816B66DFC00217BDA /* straw.png */,
				FBCF237516B66DFC00217BDA /* iron.png */,
				FBCF237A16B66DFC00217BDA /* wood.png */,
				FBCF237916B66DFC00217BDA /* wolfs.png */,
				FBCF237116B6545200217BDA /* background.png */,
				FBCF237216B6545200217BDA /* ground.png */,
				FBCF237616B66DFC00217BDA /* pig.png */,
			);
			name = res;
			sourceTree = "<group>";
		};
		FBEB2BD416BBE8890095B0FB /* Models_in_MVC */ = {
			isa = PBXGroup;
			children = (
				FBEB2BDC16BBF8CA0095B0FB /* GameObjectModel.h */,
				FBEB2BDD16BBF8CA0095B0FB /* GameObjectModel.m */,
			);
			name = Models_in_MVC;
			sourceTree = "<group>";
		};
		FBEB2BD516BBE8A30095B0FB /* src */ = {
			isa = PBXGroup;
			children = (
				FBEB2BDA16BBE8CC0095B0FB /* Controllers_in_MVC */,
				FBEB2BD816BBE8BE0095B0FB /* Views_in_MVC */,
				FBEB2BD416BBE8890095B0FB /* Models_in_MVC */,
			);
			name = src;
			sourceTree = "<group>";
		};
		FBEB2BD816BBE8BE0095B0FB /* Views_in_MVC */ = {
			isa = PBXGroup;
			children = (
				FBBB845416BD35B80091BB47 /* GameObjectView.h */,
				FBBB845516BD35B80091BB47 /* GameObjectView.m */,
				FBBB845816BD62340091BB47 /* PigView.h */,
				FBBB845916BD62340091BB47 /* PigView.m */,
				FBBB845B16BD62C90091BB47 /* WolfView.h */,
				FBBB845C16BD62C90091BB47 /* WolfView.m */,
				FBBB845E16BD62D40091BB47 /* BlockView.h */,
				FBBB845F16BD62D40091BB47 /* BlockView.m */,
				FBBB846B16BD7EF90091BB47 /* DeveloperSettings.h */,
				FBBB846C16BD7EFA0091BB47 /* DeveloperSettings.m */,
			);
			name = Views_in_MVC;
			sourceTree = "<group>";
		};
		FBEB2BDA16BBE8CC0095B0FB /* Controllers_in_MVC */ = {
			isa = PBXGroup;
			children = (
				FBBE15DE16E0AFDA00E16F7A /* PlaySceneController.h */,
				FBBE15DF16E0AFDA00E16F7A /* PlaySceneController.m */,
				FBCF236916B64CB700217BDA /* ViewController.h */,
				FBCF236A16B64CB700217BDA /* ViewController.m */,
				FBCF238116B6971800217BDA /* GameObject.h */,
				FBE3727716BE575200940FB3 /* GameObject.m */,
				FBE3727916BE577D00940FB3 /* GamePig.h */,
				FBE3727A16BE577D00940FB3 /* GamePig.m */,
				FBE3727C16BE578A00940FB3 /* GameWolf.h */,
				FBE3727D16BE578A00940FB3 /* GameWolf.m */,
				FBE3727F16BE579A00940FB3 /* GameBlock.h */,
				FBE3728016BE579B00940FB3 /* GameBlock.m */,
				FBE6A2B516E1E7CB00FEF566 /* PigPlayController.h */,
				FBE6A2B616E1E7CB00FEF566 /* PigPlayController.m */,
				FBE6A2BF16E22DB100FEF566 /* WolfPlayController.h */,
				FBE6A2C016E22DB200FEF566 /* WolfPlayController.m */,
				FBE6A2C216E2346F00FEF566 /* BlockPlayController.h */,
				FBE6A2C316E2346F00FEF566 /* BlockPlayController.m */,
				FBE6A2C716E252E100FEF566 /* WindBlowController.h */,
				FBE6A2C816E252E200FEF566 /* WindBlowController.m */,
				FBE6A2CA16E27AA500FEF566 /* BarController.h */,
				FBE6A2CB16E27AA600FEF566 /* BarController.m */,
				FBE6A2D316E2AE8C00FEF566 /* AngleDialController.h */,
				FBE6A2D416E2AE8D00FEF566 /* AngleDialController.m */,
			);
			name = Controllers_in_MVC;
			sourceTree = "<group>";
		};
/* End PBXGroup section */

/* Begin PBXNativeTarget section */
		FBCF234916B64CB700217BDA /* Game */ = {
			isa = PBXNativeTarget;
			buildConfigurationList = FBCF236E16B64CB700217BDA /* Build configuration list for PBXNativeTarget "Game" */;
			buildPhases = (
				FBCF234616B64CB700217BDA /* Sources */,
				FBCF234716B64CB700217BDA /* Frameworks */,
				FBCF234816B64CB700217BDA /* Resources */,
			);
			buildRules = (
			);
			dependencies = (
			);
			name = Game;
			productName = Game;
			productReference = FBCF234A16B64CB700217BDA /* Game.app */;
			productType = "com.apple.product-type.application";
		};
/* End PBXNativeTarget section */

/* Begin PBXProject section */
		FBCF234116B64CB700217BDA /* Project object */ = {
			isa = PBXProject;
			attributes = {
				LastUpgradeCheck = 0450;
				ORGANIZATIONNAME = nus.cs3217;
			};
			buildConfigurationList = FBCF234416B64CB700217BDA /* Build configuration list for PBXProject "Game" */;
			compatibilityVersion = "Xcode 3.2";
			developmentRegion = English;
			hasScannedForEncodings = 0;
			knownRegions = (
				en,
			);
			mainGroup = FBCF233F16B64CB700217BDA;
			productRefGroup = FBCF234B16B64CB700217BDA /* Products */;
			projectDirPath = "";
			projectRoot = "";
			targets = (
				FBCF234916B64CB700217BDA /* Game */,
			);
		};
/* End PBXProject section */

/* Begin PBXResourcesBuildPhase section */
		FBCF234816B64CB700217BDA /* Resources */ = {
			isa = PBXResourcesBuildPhase;
			buildActionMask = 2147483647;
			files = (
				FBCF235916B64CB700217BDA /* InfoPlist.strings in Resources */,
				FBCF236116B64CB700217BDA /* Default.png in Resources */,
				FBCF236316B64CB700217BDA /* Default@2x.png in Resources */,
				FBCF236516B64CB700217BDA /* Default-568h@2x.png in Resources */,
				FBCF236816B64CB700217BDA /* MainStoryboard.storyboard in Resources */,
				FBCF237316B6545200217BDA /* background.png in Resources */,
				FBCF237416B6545200217BDA /* ground.png in Resources */,
				FBCF237B16B66DFC00217BDA /* iron.png in Resources */,
				FBCF237C16B66DFC00217BDA /* pig.png in Resources */,
				FBCF237D16B66DFC00217BDA /* stone.png in Resources */,
				FBCF237E16B66DFC00217BDA /* straw.png in Resources */,
				FBCF237F16B66DFC00217BDA /* wolfs.png in Resources */,
				FBCF238016B66DFC00217BDA /* wood.png in Resources */,
				FBBB846A16BD710F0091BB47 /* peashooter.png in Resources */,
				FBE3727516BE281600940FB3 /* circle.jpg in Resources */,
				FB47A0AD16C53E5D00E47674 /* MSxmas.jpg in Resources */,
				FB47A0B016C5402E00E47674 /* MScave.jpg in Resources */,
				FBE6A2C616E250D200FEF566 /* windblow.png in Resources */,
				FBE6A2D016E29A0F00FEF566 /* direction-arrow-selected.png in Resources */,
				FBE6A2D116E29A0F00FEF566 /* direction-arrow.png in Resources */,
				FBE6A2D216E29A0F00FEF566 /* direction-degree.png in Resources */,
				FBE6A2D816E34F7500FEF566 /* windsuck.png in Resources */,
				FBE6A2D916E34F7500FEF566 /* wolfdie.png in Resources */,
				FBE6A2E216E34F9100FEF566 /* score.png in Resources */,
				FBE6A2E316E34F9100FEF566 /* wind-disperse.png in Resources */,
				FBE6A2E416E34F9100FEF566 /* wind-disperse1.png in Resources */,
				FBE6A2E516E34F9100FEF566 /* wind-disperse2.png in Resources */,
				FBE6A2E616E34F9100FEF566 /* wind-disperse3.png in Resources */,
				FBE6A2E716E34F9100FEF566 /* windblow1.png in Resources */,
				FBE6A2E816E34F9100FEF566 /* windblow2.png in Resources */,
				FBE6A2E916E34F9100FEF566 /* windblow3.png in Resources */,
				FBE6A2F116E34FA100FEF566 /* cloud1.png in Resources */,
				FBE6A2F216E34FA100FEF566 /* cloud2.png in Resources */,
				FBE6A2F316E34FA100FEF566 /* cloud3.png in Resources */,
				FBE6A2F416E34FA100FEF566 /* font.png in Resources */,
				FBE6A2F516E34FA100FEF566 /* heart.png in Resources */,
				FBE6A2F616E34FA100FEF566 /* pig-die-smoke.png in Resources */,
				FBE6A2F716E34FA100FEF566 /* pig2.png in Resources */,
			);
			runOnlyForDeploymentPostprocessing = 0;
		};
/* End PBXResourcesBuildPhase section */

/* Begin PBXSourcesBuildPhase section */
		FBCF234616B64CB700217BDA /* Sources */ = {
			isa = PBXSourcesBuildPhase;
			buildActionMask = 2147483647;
			files = (
				FBE6A2B416E1E66D00FEF566 /* DeveloperSettings.h in Sources */,
				FBCF235B16B64CB700217BDA /* main.m in Sources */,
				FBCF235F16B64CB700217BDA /* AppDelegate.m in Sources */,
				FBCF236B16B64CB700217BDA /* ViewController.m in Sources */,
				FBEB2BDE16BBF8CA0095B0FB /* GameObjectModel.m in Sources */,
				FBBB845616BD35B90091BB47 /* GameObjectView.m in Sources */,
				FBBB845A16BD62340091BB47 /* PigView.m in Sources */,
				FBBB845D16BD62C90091BB47 /* WolfView.m in Sources */,
				FBBB846016BD62D40091BB47 /* BlockView.m in Sources */,
				FBBB846D16BD7EFA0091BB47 /* DeveloperSettings.m in Sources */,
				FBE3727816BE575200940FB3 /* GameObject.m in Sources */,
				FBE3727B16BE577D00940FB3 /* GamePig.m in Sources */,
				FBE3727E16BE578A00940FB3 /* GameWolf.m in Sources */,
				FBE3728116BE579B00940FB3 /* GameBlock.m in Sources */,
				FBE38AA316BF834E008E18A0 /* UIView+ExploreViewHierarchy.m in Sources */,
				FBBE15E016E0AFDA00E16F7A /* PlaySceneController.m in Sources */,
				FBE6A2B716E1E7CB00FEF566 /* PigPlayController.m in Sources */,
				FBE6A2BE16E2093900FEF566 /* MyMath.m in Sources */,
				FBE6A2C116E22DB200FEF566 /* WolfPlayController.m in Sources */,
				FBE6A2C416E2347000FEF566 /* BlockPlayController.m in Sources */,
				FBE6A2C916E252E300FEF566 /* WindBlowController.m in Sources */,
				FBE6A2CC16E27AA700FEF566 /* BarController.m in Sources */,
				FBE6A2D516E2AE8F00FEF566 /* AngleDialController.m in Sources */,
			);
			runOnlyForDeploymentPostprocessing = 0;
		};
/* End PBXSourcesBuildPhase section */

/* Begin PBXVariantGroup section */
		FBCF235716B64CB700217BDA /* InfoPlist.strings */ = {
			isa = PBXVariantGroup;
			children = (
				FBCF235816B64CB700217BDA /* en */,
			);
			name = InfoPlist.strings;
			sourceTree = "<group>";
		};
		FBCF236616B64CB700217BDA /* MainStoryboard.storyboard */ = {
			isa = PBXVariantGroup;
			children = (
				FBCF236716B64CB700217BDA /* en */,
			);
			name = MainStoryboard.storyboard;
			sourceTree = "<group>";
		};
/* End PBXVariantGroup section */

/* Begin XCBuildConfiguration section */
		FBCF236C16B64CB700217BDA /* Debug */ = {
			isa = XCBuildConfiguration;
			buildSettings = {
				ALWAYS_SEARCH_USER_PATHS = NO;
				CLANG_CXX_LANGUAGE_STANDARD = "gnu++0x";
				CLANG_CXX_LIBRARY = "libc++";
				CLANG_ENABLE_OBJC_ARC = YES;
				CLANG_WARN_EMPTY_BODY = YES;
				CLANG_WARN__DUPLICATE_METHOD_MATCH = YES;
				"CODE_SIGN_IDENTITY[sdk=iphoneos*]" = "iPhone Developer";
				COPY_PHASE_STRIP = NO;
				GCC_C_LANGUAGE_STANDARD = gnu99;
				GCC_DYNAMIC_NO_PIC = NO;
				GCC_OPTIMIZATION_LEVEL = 0;
				GCC_PREPROCESSOR_DEFINITIONS = (
					"DEBUG=1",
					"$(inherited)",
				);
				GCC_SYMBOLS_PRIVATE_EXTERN = NO;
				GCC_WARN_ABOUT_RETURN_TYPE = YES;
				GCC_WARN_UNINITIALIZED_AUTOS = YES;
				GCC_WARN_UNUSED_VARIABLE = YES;
				IPHONEOS_DEPLOYMENT_TARGET = 6.0;
				ONLY_ACTIVE_ARCH = YES;
				SDKROOT = iphoneos;
				TARGETED_DEVICE_FAMILY = 2;
			};
			name = Debug;
		};
		FBCF236D16B64CB700217BDA /* Release */ = {
			isa = XCBuildConfiguration;
			buildSettings = {
				ALWAYS_SEARCH_USER_PATHS = NO;
				CLANG_CXX_LANGUAGE_STANDARD = "gnu++0x";
				CLANG_CXX_LIBRARY = "libc++";
				CLANG_ENABLE_OBJC_ARC = YES;
				CLANG_WARN_EMPTY_BODY = YES;
				CLANG_WARN__DUPLICATE_METHOD_MATCH = YES;
				"CODE_SIGN_IDENTITY[sdk=iphoneos*]" = "iPhone Developer";
				COPY_PHASE_STRIP = YES;
				GCC_C_LANGUAGE_STANDARD = gnu99;
				GCC_WARN_ABOUT_RETURN_TYPE = YES;
				GCC_WARN_UNINITIALIZED_AUTOS = YES;
				GCC_WARN_UNUSED_VARIABLE = YES;
				IPHONEOS_DEPLOYMENT_TARGET = 6.0;
				OTHER_CFLAGS = "-DNS_BLOCK_ASSERTIONS=1";
				SDKROOT = iphoneos;
				TARGETED_DEVICE_FAMILY = 2;
				VALIDATE_PRODUCT = YES;
			};
			name = Release;
		};
		FBCF236F16B64CB700217BDA /* Debug */ = {
			isa = XCBuildConfiguration;
			buildSettings = {
				GCC_PRECOMPILE_PREFIX_HEADER = YES;
				GCC_PREFIX_HEADER = "Game/Game-Prefix.pch";
				INFOPLIST_FILE = "Game/Game-Info.plist";
				IPHONEOS_DEPLOYMENT_TARGET = 5.1;
				LIBRARY_SEARCH_PATHS = (
					"$(inherited)",
					"\"$(SRCROOT)/ChipmunkPro-iPhone-Trial\"",
				);
				PRODUCT_NAME = "$(TARGET_NAME)";
				TARGETED_DEVICE_FAMILY = 2;
				WRAPPER_EXTENSION = app;
			};
			name = Debug;
		};
		FBCF237016B64CB700217BDA /* Release */ = {
			isa = XCBuildConfiguration;
			buildSettings = {
				GCC_PRECOMPILE_PREFIX_HEADER = YES;
				GCC_PREFIX_HEADER = "Game/Game-Prefix.pch";
				INFOPLIST_FILE = "Game/Game-Info.plist";
				IPHONEOS_DEPLOYMENT_TARGET = 5.1;
				LIBRARY_SEARCH_PATHS = (
					"$(inherited)",
					"\"$(SRCROOT)/ChipmunkPro-iPhone-Trial\"",
				);
				PRODUCT_NAME = "$(TARGET_NAME)";
				TARGETED_DEVICE_FAMILY = 2;
				WRAPPER_EXTENSION = app;
			};
			name = Release;
		};
/* End XCBuildConfiguration section */

/* Begin XCConfigurationList section */
		FBCF234416B64CB700217BDA /* Build configuration list for PBXProject "Game" */ = {
			isa = XCConfigurationList;
			buildConfigurations = (
				FBCF236C16B64CB700217BDA /* Debug */,
				FBCF236D16B64CB700217BDA /* Release */,
			);
			defaultConfigurationIsVisible = 0;
			defaultConfigurationName = Release;
		};
		FBCF236E16B64CB700217BDA /* Build configuration list for PBXNativeTarget "Game" */ = {
			isa = XCConfigurationList;
			buildConfigurations = (
				FBCF236F16B64CB700217BDA /* Debug */,
				FBCF237016B64CB700217BDA /* Release */,
			);
			defaultConfigurationIsVisible = 0;
			defaultConfigurationName = Release;
		};
/* End XCConfigurationList section */
	};
	rootObject = FBCF234116B64CB700217BDA /* Project object */;
}
